
Microsoft Visual Studio Solution File, Format Version 12.00
# Visual Studio 2017
Project("{FAE04EC0-301F-11D3-BF4B-00C04F79EFBC}") = "JCIC-Visuals", "JCIC-Visuals.csproj", "{11F019EB-7070-7C0E-54C4-D9BAB5E4E3BD}"
EndProject
Project("{FAE04EC0-301F-11D3-BF4B-00C04F79EFBC}") = "JCIC-Visuals.Editor", "JCIC-Visuals.Editor.csproj", "{159745A7-19D6-2313-5BDE-9D2DCD776E14}"
EndProject
Global
	GlobalSection(SolutionConfigurationPlatforms) = preSolution
		Debug|Any CPU = Debug|Any CPU
		Release|Any CPU = Release|Any CPU
	EndGlobalSection
	GlobalSection(ProjectConfigurationPlatforms) = postSolution
		{11F019EB-7070-7C0E-54C4-D9BAB5E4E3BD}.Debug|Any CPU.ActiveCfg = Debug|Any CPU
		{11F019EB-7070-7C0E-54C4-D9BAB5E4E3BD}.Debug|Any CPU.Build.0 = Debug|Any CPU
		{11F019EB-7070-7C0E-54C4-D9BAB5E4E3BD}.Release|Any CPU.ActiveCfg = Release|Any CPU
		{11F019EB-7070-7C0E-54C4-D9BAB5E4E3BD}.Release|Any CPU.Build.0 = Release|Any CPU
		{159745A7-19D6-2313-5BDE-9D2DCD776E14}.Debug|Any CPU.ActiveCfg = Debug|Any CPU
		{159745A7-19D6-2313-5BDE-9D2DCD776E14}.Debug|Any CPU.Build.0 = Debug|Any CPU
		{159745A7-19D6-2313-5BDE-9D2DCD776E14}.Release|Any CPU.ActiveCfg = Release|Any CPU
		{159745A7-19D6-2313-5BDE-9D2DCD776E14}.Release|Any CPU.Build.0 = Release|Any CPU
	EndGlobalSection
	GlobalSection(SolutionProperties) = preSolution
		HideSolutionNode = FALSE
	EndGlobalSection
EndGlobal
